
Microsoft Visual Studio Solution File, Format Version 12.00
# Visual Studio Version 17
VisualStudioVersion = 17.0.32014.148
MinimumVisualStudioVersion = 10.0.40219.1
Project("{FAE04EC0-301F-11D3-BF4B-00C04F79EFBC}") = "Projeto6", "Projeto6\Projeto6.csproj", "{D609561D-C8E5-41D9-9A56-C5010CBBE172}"
EndProject
Global
	GlobalSection(SolutionConfigurationPlatforms) = preSolution
		Debug|Any CPU = Debug|Any CPU
		Release|Any CPU = Release|Any CPU
	EndGlobalSection
	GlobalSection(ProjectConfigurationPlatforms) = postSolution
		{D609561D-C8E5-41D9-9A56-C5010CBBE172}.Debug|Any CPU.ActiveCfg = Debug|Any CPU
		{D609561D-C8E5-41D9-9A56-C5010CBBE172}.Debug|Any CPU.Build.0 = Debug|Any CPU
		{D609561D-C8E5-41D9-9A56-C5010CBBE172}.Release|Any CPU.ActiveCfg = Release|Any CPU
		{D609561D-C8E5-41D9-9A56-C5010CBBE172}.Release|Any CPU.Build.0 = Release|Any CPU
	EndGlobalSection
	GlobalSection(SolutionProperties) = preSolution
		HideSolutionNode = FALSE
	EndGlobalSection
	GlobalSection(ExtensibilityGlobals) = postSolution
		SolutionGuid = {0524198E-014F-439E-8CC7-C73681E67A6F}
	EndGlobalSection
EndGlobal
